
Microsoft Visual Studio Solution File, Format Version 12.00
# Visual Studio Version 17
VisualStudioVersion = 17.2.32630.192
MinimumVisualStudioVersion = 10.0.40219.1
Project("{FAE04EC0-301F-11D3-BF4B-00C04F79EFBC}") = "newMvcProject", "newMvcProject\newMvcProject.csproj", "{DE643643-DFE3-46EE-A0AC-65D37686FB0F}"
EndProject
Global
	GlobalSection(SolutionConfigurationPlatforms) = preSolution
		Debug|Any CPU = Debug|Any CPU
		Release|Any CPU = Release|Any CPU
	EndGlobalSection
	GlobalSection(ProjectConfigurationPlatforms) = postSolution
		{DE643643-DFE3-46EE-A0AC-65D37686FB0F}.Debug|Any CPU.ActiveCfg = Debug|Any CPU
		{DE643643-DFE3-46EE-A0AC-65D37686FB0F}.Debug|Any CPU.Build.0 = Debug|Any CPU
		{DE643643-DFE3-46EE-A0AC-65D37686FB0F}.Release|Any CPU.ActiveCfg = Release|Any CPU
		{DE643643-DFE3-46EE-A0AC-65D37686FB0F}.Release|Any CPU.Build.0 = Release|Any CPU
	EndGlobalSection
	GlobalSection(SolutionProperties) = preSolution
		HideSolutionNode = FALSE
	EndGlobalSection
	GlobalSection(ExtensibilityGlobals) = postSolution
		SolutionGuid = {4FEBA903-9E25-4E9E-AD30-85F72BCB8D38}
	EndGlobalSection
EndGlobal
